{
  "name": "sample-node-service",
  "version": "1.0.0",
  "lockfileVersion": 3,
  "requires": true,
  "packages": {
    "": {
      "name": "sample-node-service",
      "version": "1.0.0",
      "dependencies": {
        "axios": "^1.6.8",
        "cors": "^2.8.5",
        "dotenv": "^16.4.5",
        "express": "^4.19.2",
        "zod": "^3.22.4"
      },
      "devDependencies": {
        "jest": "^29.7.0",
        "nodemon": "^3.1.0"
      }
    },
    "node_modules/accepts": {
      "version": "1.3.8",
      "resolved": "https://registry.npmjs.org/accepts/-/accepts-1.3.8.tgz",
      "integrity": "sha512-PYAthTa2m2VKxuvSD3DPC/Gy+U+sOA1LAuT8mkmRuvw+NACSaeXEQ+NHcVF7rONl6qcaxV3Uuemwawk+7+SJLw==",
      "license": "MIT",
      "dependencies": {
        "mime-types": "~2.1.34",
        "negotiator": "0.6.3"
      }
    },
    "node_modules/axios": {
      "version": "1.6.8",
      "resolved": "https://registry.npmjs.org/axios/-/axios-1.6.8.tgz",
      "integrity": "sha512-v/ZqbJ0u0hD0WlRMGh4vm2bOqnfUMdSUK25WRSp9r5D2C22b9h12X4wH08oi1hdaNEmT18QWG49L5hF0KTK85w==",
      "license": "MIT",
      "dependencies": {
        "follow-redirects": "^1.15.6",
        "form-data": "^4.0.0",
        "proxy-from-env": "^1.1.0"
      }
    },
    "node_modules/bytes": {
      "version": "3.1.2",
      "resolved": "https://registry.npmjs.org/bytes/-/bytes-3.1.2.tgz",
      "integrity": "sha512-/Nf7TyzTx6S3yRJObOAV7956r8cr2+Oj8AC5dt8wSP3BQAoeX58NoHyCU8P8zGkNXStjTSi6fzO6F0pBdcYbEg==",
      "license": "MIT"
    },
    "node_modules/cookie": {
      "version": "0.6.0",
      "resolved": "https://registry.npmjs.org/cookie/-/cookie-0.6.0.tgz",
      "integrity": "sha512-U715lSXGwfQfYxD62EvWigBpVUSJw8CmIOVMNaRWgwTAwrr1C0132KnPdVIiIcK4gMXJVL30Y6079Qbfg/WUcg==",
      "license": "MIT"
    },
    "node_modules/cors": {
      "version": "2.8.5",
      "resolved": "https://registry.npmjs.org/cors/-/cors-2.8.5.tgz",
      "integrity": "sha512-KIHbLJqu73ROB14OpzZ39oZfdm0SXQ0KBOCcxxS/SNT+fDe44juvBKLKHUURgTQYSWfqveRwgKMa9Z44DnKNqA==",
      "license": "MIT",
      "dependencies": {
        "object-assign": "^4.0.1",
        "vary": "^1.0.0"
      }
    },
    "node_modules/dotenv": {
      "version": "16.4.5",
      "resolved": "https://registry.npmjs.org/dotenv/-/dotenv-16.4.5.tgz",
      "integrity": "sha512-ZmdL2zs+e78weySUy14UwyWDh2C47524RRke8I0CGPnW1JhJYCQGh3P1DS0SoBKgzCUAxkWKmUKnfdKfeJfHRg==",
      "license": "BSD-2-Clause"
    },
    "node_modules/express": {
      "version": "4.19.2",
      "resolved": "https://registry.npmjs.org/express/-/express-4.19.2.tgz",
      "integrity": "sha512-5T6nh45UWn8Oql9ZdlZv47Wr76VW8Mp7NYglZUvt9KF479ixJXOaoxtV7HyexGYXHmw20penpe4/5qNx5P15mA==",
      "license": "MIT",
      "dependencies": {
        "accepts": "~1.3.8",
        "bytes": "3.1.2",
        "cookie": "0.6.0",
        "mime-types": "~2.1.34",
        "qs": "6.11.0"
      }
    },
    "node_modules/follow-redirects": {
      "version": "1.15.6",
      "resolved": "https://registry.npmjs.org/follow-redirects/-/follow-redirects-1.15.6.tgz",
      "integrity": "sha512-wVNZXGOHbMgtWMkSUVWSENPX2N2j9wEaP4o4gQvB1/9I8x5zQ1gE6SOf754P2xZ3W0v8NlXj/uP5E0u8e3p2g==",
      "license": "MIT"
    },
    "node_modules/form-data": {
      "version": "4.0.0",
      "resolved": "https://registry.npmjs.org/form-data/-/form-data-4.0.0.tgz",
      "integrity": "sha512-ETEklSGi5t0Nd44WO1oidSX2636PXVffAgFDrU+IVNxQD4VYcCNpWino5PCWAxyeriDpKzT54gZMNYQ1OfQ0ig==",
      "license": "MIT"
    },
    "node_modules/mime-types": {
      "version": "2.1.35",
      "resolved": "https://registry.npmjs.org/mime-types/-/mime-types-2.1.35.tgz",
      "integrity": "sha512-ZDY+bPm5zTTF+YpCrAU9nK0UgICYPT0QtT1NZWFv4s++TNkcgVaT0g6+4R2uI4MjQjzysHB1zxuWL50hzaeXiw==",
      "license": "MIT"
    },
    "node_modules/negotiator": {
      "version": "0.6.3",
      "resolved": "https://registry.npmjs.org/negotiator/-/negotiator-0.6.3.tgz",
      "integrity": "sha512-hZXc7K2eIAULDf0hkdleZ64K3VWKYdyfPchQ8296BiT43EGONgbuKgPBhPumGkiW646S422Dd4RiS540ojPf8Q==",
      "license": "MIT"
    },
    "node_modules/object-assign": {
      "version": "4.1.1",
      "resolved": "https://registry.npmjs.org/object-assign/-/object-assign-4.1.1.tgz",
      "integrity": "sha512-rJgTQnkUnH1sFw8yT6VSU3zD3sWmu6sZhIseY8VX+GRu3P6F7Fu+JNDoXfklElbLJSnc3PR6EdNfBPnxHz6MLg==",
      "license": "MIT"
    },
    "node_modules/proxy-from-env": {
      "version": "1.1.0",
      "resolved": "https://registry.npmjs.org/proxy-from-env/-/proxy-from-env-1.1.0.tgz",
      "integrity": "sha512-D+zkORCbA9f1tdWRK0RaCR3GPv50cMxcrz4X8k5LTSUD1Dkw47mKJEZQNunItRTkWwgtaUSo1RVFRIG9ZXiFYg==",
      "license": "MIT"
    },
    "node_modules/qs": {
      "version": "6.11.0",
      "resolved": "https://registry.npmjs.org/qs/-/qs-6.11.0.tgz",
      "integrity": "sha512-MvjoMCxC77vwEkWNLmaSb4F8GZNlYCgkvc0a/b5MrAOUp9YONUAOVWNBtbNz6838h0h+skhVNqx8S2LPHYT6tQ==",
      "license": "BSD-3-Clause"
    },
    "node_modules/vary": {
      "version": "1.1.2",
      "resolved": "https://registry.npmjs.org/vary/-/vary-1.1.2.tgz",
      "integrity": "sha512-BNGbWLfd0eUPbh++VEiW13tYkeyptKAZ8VVFYyUVJhmb7cgUKQR5dVzsQOTqg6ZHNhqvl8LQImmwMXf1XXn4FQ==",
      "license": "MIT"
    },
    "node_modules/zod": {
      "version": "3.22.4",
      "resolved": "https://registry.npmjs.org/zod/-/zod-3.22.4.tgz",
      "integrity": "sha512-iC+8Io04lddc+mVqQ9AZ7OQ2MrUKGN+oIQyq14uMD4OfoDPwgQCE0Opx41mu5ocDeXdSjgLzdfZU4U34mxPrhw==",
      "license": "MIT"
    }
  }
}
